// !$*UTF8*$!
{
	archiveVersion = 1;
	classes = {
	};
	objectVersion = 50;
	objects = {

/* Begin PBXBuildFile section */
		760BCF6E2702E718003B2C66 /* SkeletonLoadable.swift in Sources */ = {isa = PBXBuildFile; fileRef = 760BCF6D2702E718003B2C66 /* SkeletonLoadable.swift */; };
		760BCF702702E739003B2C66 /* SkeletonColor.swift in Sources */ = {isa = PBXBuildFile; fileRef = 760BCF6F2702E739003B2C66 /* SkeletonColor.swift */; };
		760BCF742702EABF003B2C66 /* SkeletonLayerExtension.swift in Sources */ = {isa = PBXBuildFile; fileRef = 760BCF732702EABF003B2C66 /* SkeletonLayerExtension.swift */; };
		7668C3E02702275E00ACF60F /* AppDelegate.swift in Sources */ = {isa = PBXBuildFile; fileRef = 7668C3DF2702275E00ACF60F /* AppDelegate.swift */; };
		7668C3E42702275E00ACF60F /* ViewController.swift in Sources */ = {isa = PBXBuildFile; fileRef = 7668C3E32702275E00ACF60F /* ViewController.swift */; };
		7668C3E72702275E00ACF60F /* Main.storyboard in Resources */ = {isa = PBXBuildFile; fileRef = 7668C3E52702275E00ACF60F /* Main.storyboard */; };
		7668C3E92702276100ACF60F /* Assets.xcassets in Resources */ = {isa = PBXBuildFile; fileRef = 7668C3E82702276100ACF60F /* Assets.xcassets */; };
		7668C3EC2702276100ACF60F /* LaunchScreen.storyboard in Resources */ = {isa = PBXBuildFile; fileRef = 7668C3EA2702276100ACF60F /* LaunchScreen.storyboard */; };
		7668C4882702280F00ACF60F /* UIView + Extension.swift in Sources */ = {isa = PBXBuildFile; fileRef = 7668C4872702280F00ACF60F /* UIView + Extension.swift */; };
		7668C48A27022C7F00ACF60F /* CustomTableViewCell.swift in Sources */ = {isa = PBXBuildFile; fileRef = 7668C48927022C7F00ACF60F /* CustomTableViewCell.swift */; };
/* End PBXBuildFile section */

/* Begin PBXFileReference section */
		760BCF6D2702E718003B2C66 /* SkeletonLoadable.swift */ = {isa = PBXFileReference; lastKnownFileType = sourcecode.swift; path = SkeletonLoadable.swift; sourceTree = "<group>"; };
		760BCF6F2702E739003B2C66 /* SkeletonColor.swift */ = {isa = PBXFileReference; lastKnownFileType = sourcecode.swift; path = SkeletonColor.swift; sourceTree = "<group>"; };
		760BCF732702EABF003B2C66 /* SkeletonLayerExtension.swift */ = {isa = PBXFileReference; lastKnownFileType = sourcecode.swift; path = SkeletonLayerExtension.swift; sourceTree = "<group>"; };
		7668C3DC2702275E00ACF60F /* DemoSkeletonView.app */ = {isa = PBXFileReference; explicitFileType = wrapper.application; includeInIndex = 0; path = DemoSkeletonView.app; sourceTree = BUILT_PRODUCTS_DIR; };
		7668C3DF2702275E00ACF60F /* AppDelegate.swift */ = {isa = PBXFileReference; lastKnownFileType = sourcecode.swift; path = AppDelegate.swift; sourceTree = "<group>"; };
		7668C3E32702275E00ACF60F /* ViewController.swift */ = {isa = PBXFileReference; lastKnownFileType = sourcecode.swift; path = ViewController.swift; sourceTree = "<group>"; };
		7668C3E62702275E00ACF60F /* Base */ = {isa = PBXFileReference; lastKnownFileType = file.storyboard; name = Base; path = Base.lproj/Main.storyboard; sourceTree = "<group>"; };
		7668C3E82702276100ACF60F /* Assets.xcassets */ = {isa = PBXFileReference; lastKnownFileType = folder.assetcatalog; path = Assets.xcassets; sourceTree = "<group>"; };
		7668C3EB2702276100ACF60F /* Base */ = {isa = PBXFileReference; lastKnownFileType = file.storyboard; name = Base; path = Base.lproj/LaunchScreen.storyboard; sourceTree = "<group>"; };
		7668C3ED2702276100ACF60F /* Info.plist */ = {isa = PBXFileReference; lastKnownFileType = text.plist.xml; path = Info.plist; sourceTree = "<group>"; };
		7668C4872702280F00ACF60F /* UIView + Extension.swift */ = {isa = PBXFileReference; lastKnownFileType = sourcecode.swift; path = "UIView + Extension.swift"; sourceTree = "<group>"; };
		7668C48927022C7F00ACF60F /* CustomTableViewCell.swift */ = {isa = PBXFileReference; lastKnownFileType = sourcecode.swift; path = CustomTableViewCell.swift; sourceTree = "<group>"; };
/* End PBXFileReference section */

/* Begin PBXFrameworksBuildPhase section */
		7668C3D92702275E00ACF60F /* Frameworks */ = {
			isa = PBXFrameworksBuildPhase;
			buildActionMask = 2147483647;
			files = (
			);
			runOnlyForDeploymentPostprocessing = 0;
		};
/* End PBXFrameworksBuildPhase section */

/* Begin PBXGroup section */
		760BCF6C2702E6CB003B2C66 /* Skeleton */ = {
			isa = PBXGroup;
			children = (
				760BCF6D2702E718003B2C66 /* SkeletonLoadable.swift */,
				760BCF6F2702E739003B2C66 /* SkeletonColor.swift */,
				760BCF732702EABF003B2C66 /* SkeletonLayerExtension.swift */,
			);
			path = Skeleton;
			sourceTree = "<group>";
		};
		7668C3D32702275E00ACF60F = {
			isa = PBXGroup;
			children = (
				7668C3DE2702275E00ACF60F /* DemoSkeletonView */,
				7668C3DD2702275E00ACF60F /* Products */,
			);
			sourceTree = "<group>";
		};
		7668C3DD2702275E00ACF60F /* Products */ = {
			isa = PBXGroup;
			children = (
				7668C3DC2702275E00ACF60F /* DemoSkeletonView.app */,
			);
			name = Products;
			sourceTree = "<group>";
		};
		7668C3DE2702275E00ACF60F /* DemoSkeletonView */ = {
			isa = PBXGroup;
			children = (
				7668C3DF2702275E00ACF60F /* AppDelegate.swift */,
				7668C3E32702275E00ACF60F /* ViewController.swift */,
				7668C48927022C7F00ACF60F /* CustomTableViewCell.swift */,
				7668C3F42702277800ACF60F /* Storyboard */,
				7668C3F32702276800ACF60F /* Resource */,
				7668C486270227E700ACF60F /* Utilities */,
			);
			path = DemoSkeletonView;
			sourceTree = "<group>";
		};
		7668C3F32702276800ACF60F /* Resource */ = {
			isa = PBXGroup;
			children = (
				760BCF6C2702E6CB003B2C66 /* Skeleton */,
				7668C3E82702276100ACF60F /* Assets.xcassets */,
				7668C3ED2702276100ACF60F /* Info.plist */,
			);
			path = Resource;
			sourceTree = "<group>";
		};
		7668C3F42702277800ACF60F /* Storyboard */ = {
			isa = PBXGroup;
			children = (
				7668C3E52702275E00ACF60F /* Main.storyboard */,
				7668C3EA2702276100ACF60F /* LaunchScreen.storyboard */,
			);
			path = Storyboard;
			sourceTree = "<group>";
		};
		7668C486270227E700ACF60F /* Utilities */ = {
			isa = PBXGroup;
			children = (
				7668C4872702280F00ACF60F /* UIView + Extension.swift */,
			);
			path = Utilities;
			sourceTree = "<group>";
		};
/* End PBXGroup section */

/* Begin PBXNativeTarget section */
		7668C3DB2702275E00ACF60F /* DemoSkeletonView */ = {
			isa = PBXNativeTarget;
			buildConfigurationList = 7668C3F02702276100ACF60F /* Build configuration list for PBXNativeTarget "DemoSkeletonView" */;
			buildPhases = (
				7668C3D82702275E00ACF60F /* Sources */,
				7668C3D92702275E00ACF60F /* Frameworks */,
				7668C3DA2702275E00ACF60F /* Resources */,
			);
			buildRules = (
			);
			dependencies = (
			);
			name = DemoSkeletonView;
			productName = DemoSkeletonView;
			productReference = 7668C3DC2702275E00ACF60F /* DemoSkeletonView.app */;
			productType = "com.apple.product-type.application";
		};
/* End PBXNativeTarget section */

/* Begin PBXProject section */
		7668C3D42702275E00ACF60F /* Project object */ = {
			isa = PBXProject;
			attributes = {
				LastSwiftUpdateCheck = 1250;
				LastUpgradeCheck = 1250;
				TargetAttributes = {
					7668C3DB2702275E00ACF60F = {
						CreatedOnToolsVersion = 12.5.1;
					};
				};
			};
			buildConfigurationList = 7668C3D72702275E00ACF60F /* Build configuration list for PBXProject "DemoSkeletonView" */;
			compatibilityVersion = "Xcode 9.3";
			developmentRegion = en;
			hasScannedForEncodings = 0;
			knownRegions = (
				en,
				Base,
			);
			mainGroup = 7668C3D32702275E00ACF60F;
			productRefGroup = 7668C3DD2702275E00ACF60F /* Products */;
			projectDirPath = "";
			projectRoot = "";
			targets = (
				7668C3DB2702275E00ACF60F /* DemoSkeletonView */,
			);
		};
/* End PBXProject section */

/* Begin PBXResourcesBuildPhase section */
		7668C3DA2702275E00ACF60F /* Resources */ = {
			isa = PBXResourcesBuildPhase;
			buildActionMask = 2147483647;
			files = (
				7668C3EC2702276100ACF60F /* LaunchScreen.storyboard in Resources */,
				7668C3E92702276100ACF60F /* Assets.xcassets in Resources */,
				7668C3E72702275E00ACF60F /* Main.storyboard in Resources */,
			);
			runOnlyForDeploymentPostprocessing = 0;
		};
/* End PBXResourcesBuildPhase section */

/* Begin PBXSourcesBuildPhase section */
		7668C3D82702275E00ACF60F /* Sources */ = {
			isa = PBXSourcesBuildPhase;
			buildActionMask = 2147483647;
			files = (
				7668C3E42702275E00ACF60F /* ViewController.swift in Sources */,
				760BCF702702E739003B2C66 /* SkeletonColor.swift in Sources */,
				7668C3E02702275E00ACF60F /* AppDelegate.swift in Sources */,
				760BCF6E2702E718003B2C66 /* SkeletonLoadable.swift in Sources */,
				7668C48A27022C7F00ACF60F /* CustomTableViewCell.swift in Sources */,
				7668C4882702280F00ACF60F /* UIView + Extension.swift in Sources */,
				760BCF742702EABF003B2C66 /* SkeletonLayerExtension.swift in Sources */,
			);
			runOnlyForDeploymentPostprocessing = 0;
		};
/* End PBXSourcesBuildPhase section */

/* Begin PBXVariantGroup section */
		7668C3E52702275E00ACF60F /* Main.storyboard */ = {
			isa = PBXVariantGroup;
			children = (
				7668C3E62702275E00ACF60F /* Base */,
			);
			name = Main.storyboard;
			sourceTree = "<group>";
		};
		7668C3EA2702276100ACF60F /* LaunchScreen.storyboard */ = {
			isa = PBXVariantGroup;
			children = (
				7668C3EB2702276100ACF60F /* Base */,
			);
			name = LaunchScreen.storyboard;
			sourceTree = "<group>";
		};
/* End PBXVariantGroup section */

/* Begin XCBuildConfiguration section */
		7668C3EE2702276100ACF60F /* Debug */ = {
			isa = XCBuildConfiguration;
			buildSettings = {
				ALWAYS_SEARCH_USER_PATHS = NO;
				CLANG_ANALYZER_NONNULL = YES;
				CLANG_ANALYZER_NUMBER_OBJECT_CONVERSION = YES_AGGRESSIVE;
				CLANG_CXX_LANGUAGE_STANDARD = "gnu++14";
				CLANG_CXX_LIBRARY = "libc++";
				CLANG_ENABLE_MODULES = YES;
				CLANG_ENABLE_OBJC_ARC = YES;
				CLANG_ENABLE_OBJC_WEAK = YES;
				CLANG_WARN_BLOCK_CAPTURE_AUTORELEASING = YES;
				CLANG_WARN_BOOL_CONVERSION = YES;
				CLANG_WARN_COMMA = YES;
				CLANG_WARN_CONSTANT_CONVERSION = YES;
				CLANG_WARN_DEPRECATED_OBJC_IMPLEMENTATIONS = YES;
				CLANG_WARN_DIRECT_OBJC_ISA_USAGE = YES_ERROR;
				CLANG_WARN_DOCUMENTATION_COMMENTS = YES;
				CLANG_WARN_EMPTY_BODY = YES;
				CLANG_WARN_ENUM_CONVERSION = YES;
				CLANG_WARN_INFINITE_RECURSION = YES;
				CLANG_WARN_INT_CONVERSION = YES;
				CLANG_WARN_NON_LITERAL_NULL_CONVERSION = YES;
				CLANG_WARN_OBJC_IMPLICIT_RETAIN_SELF = YES;
				CLANG_WARN_OBJC_LITERAL_CONVERSION = YES;
				CLANG_WARN_OBJC_ROOT_CLASS = YES_ERROR;
				CLANG_WARN_QUOTED_INCLUDE_IN_FRAMEWORK_HEADER = YES;
				CLANG_WARN_RANGE_LOOP_ANALYSIS = YES;
				CLANG_WARN_STRICT_PROTOTYPES = YES;
				CLANG_WARN_SUSPICIOUS_MOVE = YES;
				CLANG_WARN_UNGUARDED_AVAILABILITY = YES_AGGRESSIVE;
				CLANG_WARN_UNREACHABLE_CODE = YES;
				CLANG_WARN__DUPLICATE_METHOD_MATCH = YES;
				COPY_PHASE_STRIP = NO;
				DEBUG_INFORMATION_FORMAT = dwarf;
				ENABLE_STRICT_OBJC_MSGSEND = YES;
				ENABLE_TESTABILITY = YES;
				GCC_C_LANGUAGE_STANDARD = gnu11;
				GCC_DYNAMIC_NO_PIC = NO;
				GCC_NO_COMMON_BLOCKS = YES;
				GCC_OPTIMIZATION_LEVEL = 0;
				GCC_PREPROCESSOR_DEFINITIONS = (
					"DEBUG=1",
					"$(inherited)",
				);
				GCC_WARN_64_TO_32_BIT_CONVERSION = YES;
				GCC_WARN_ABOUT_RETURN_TYPE = YES_ERROR;
				GCC_WARN_UNDECLARED_SELECTOR = YES;
				GCC_WARN_UNINITIALIZED_AUTOS = YES_AGGRESSIVE;
				GCC_WARN_UNUSED_FUNCTION = YES;
				GCC_WARN_UNUSED_VARIABLE = YES;
				IPHONEOS_DEPLOYMENT_TARGET = 14.5;
				MTL_ENABLE_DEBUG_INFO = INCLUDE_SOURCE;
				MTL_FAST_MATH = YES;
				ONLY_ACTIVE_ARCH = YES;
				SDKROOT = iphoneos;
				SWIFT_ACTIVE_COMPILATION_CONDITIONS = DEBUG;
				SWIFT_OPTIMIZATION_LEVEL = "-Onone";
			};
			name = Debug;
		};
		7668C3EF2702276100ACF60F /* Release */ = {
			isa = XCBuildConfiguration;
			buildSettings = {
				ALWAYS_SEARCH_USER_PATHS = NO;
				CLANG_ANALYZER_NONNULL = YES;
				CLANG_ANALYZER_NUMBER_OBJECT_CONVERSION = YES_AGGRESSIVE;
				CLANG_CXX_LANGUAGE_STANDARD = "gnu++14";
				CLANG_CXX_LIBRARY = "libc++";
				CLANG_ENABLE_MODULES = YES;
				CLANG_ENABLE_OBJC_ARC = YES;
				CLANG_ENABLE_OBJC_WEAK = YES;
				CLANG_WARN_BLOCK_CAPTURE_AUTORELEASING = YES;
				CLANG_WARN_BOOL_CONVERSION = YES;
				CLANG_WARN_COMMA = YES;
				CLANG_WARN_CONSTANT_CONVERSION = YES;
				CLANG_WARN_DEPRECATED_OBJC_IMPLEMENTATIONS = YES;
				CLANG_WARN_DIRECT_OBJC_ISA_USAGE = YES_ERROR;
				CLANG_WARN_DOCUMENTATION_COMMENTS = YES;
				CLANG_WARN_EMPTY_BODY = YES;
				CLANG_WARN_ENUM_CONVERSION = YES;
				CLANG_WARN_INFINITE_RECURSION = YES;
				CLANG_WARN_INT_CONVERSION = YES;
				CLANG_WARN_NON_LITERAL_NULL_CONVERSION = YES;
				CLANG_WARN_OBJC_IMPLICIT_RETAIN_SELF = YES;
				CLANG_WARN_OBJC_LITERAL_CONVERSION = YES;
				CLANG_WARN_OBJC_ROOT_CLASS = YES_ERROR;
				CLANG_WARN_QUOTED_INCLUDE_IN_FRAMEWORK_HEADER = YES;
				CLANG_WARN_RANGE_LOOP_ANALYSIS = YES;
				CLANG_WARN_STRICT_PROTOTYPES = YES;
				CLANG_WARN_SUSPICIOUS_MOVE = YES;
				CLANG_WARN_UNGUARDED_AVAILABILITY = YES_AGGRESSIVE;
				CLANG_WARN_UNREACHABLE_CODE = YES;
				CLANG_WARN__DUPLICATE_METHOD_MATCH = YES;
				COPY_PHASE_STRIP = NO;
				DEBUG_INFORMATION_FORMAT = "dwarf-with-dsym";
				ENABLE_NS_ASSERTIONS = NO;
				ENABLE_STRICT_OBJC_MSGSEND = YES;
				GCC_C_LANGUAGE_STANDARD = gnu11;
				GCC_NO_COMMON_BLOCKS = YES;
				GCC_WARN_64_TO_32_BIT_CONVERSION = YES;
				GCC_WARN_ABOUT_RETURN_TYPE = YES_ERROR;
				GCC_WARN_UNDECLARED_SELECTOR = YES;
				GCC_WARN_UNINITIALIZED_AUTOS = YES_AGGRESSIVE;
				GCC_WARN_UNUSED_FUNCTION = YES;
				GCC_WARN_UNUSED_VARIABLE = YES;
				IPHONEOS_DEPLOYMENT_TARGET = 14.5;
				MTL_ENABLE_DEBUG_INFO = NO;
				MTL_FAST_MATH = YES;
				SDKROOT = iphoneos;
				SWIFT_COMPILATION_MODE = wholemodule;
				SWIFT_OPTIMIZATION_LEVEL = "-O";
				VALIDATE_PRODUCT = YES;
			};
			name = Release;
		};
		7668C3F12702276100ACF60F /* Debug */ = {
			isa = XCBuildConfiguration;
			buildSettings = {
				ASSETCATALOG_COMPILER_APPICON_NAME = AppIcon;
				ASSETCATALOG_COMPILER_GLOBAL_ACCENT_COLOR_NAME = AccentColor;
				CODE_SIGN_STYLE = Automatic;
				DEVELOPMENT_ASSET_PATHS = "";
				DEVELOPMENT_TEAM = 87RE3VZTB5;
				INFOPLIST_FILE = DemoSkeletonView/Resource/Info.plist;
				LD_RUNPATH_SEARCH_PATHS = (
					"$(inherited)",
					"@executable_path/Frameworks",
				);
				PRODUCT_BUNDLE_IDENTIFIER = com.boung.DemoSkeletonView;
				PRODUCT_NAME = "$(TARGET_NAME)";
				SWIFT_VERSION = 5.0;
				TARGETED_DEVICE_FAMILY = "1,2";
			};
			name = Debug;
		};
		7668C3F22702276100ACF60F /* Release */ = {
			isa = XCBuildConfiguration;
			buildSettings = {
				ASSETCATALOG_COMPILER_APPICON_NAME = AppIcon;
				ASSETCATALOG_COMPILER_GLOBAL_ACCENT_COLOR_NAME = AccentColor;
				CODE_SIGN_STYLE = Automatic;
				DEVELOPMENT_ASSET_PATHS = "";
				DEVELOPMENT_TEAM = 87RE3VZTB5;
				INFOPLIST_FILE = DemoSkeletonView/Resource/Info.plist;
				LD_RUNPATH_SEARCH_PATHS = (
					"$(inherited)",
					"@executable_path/Frameworks",
				);
				PRODUCT_BUNDLE_IDENTIFIER = com.boung.DemoSkeletonView;
				PRODUCT_NAME = "$(TARGET_NAME)";
				SWIFT_VERSION = 5.0;
				TARGETED_DEVICE_FAMILY = "1,2";
			};
			name = Release;
		};
/* End XCBuildConfiguration section */

/* Begin XCConfigurationList section */
		7668C3D72702275E00ACF60F /* Build configuration list for PBXProject "DemoSkeletonView" */ = {
			isa = XCConfigurationList;
			buildConfigurations = (
				7668C3EE2702276100ACF60F /* Debug */,
				7668C3EF2702276100ACF60F /* Release */,
			);
			defaultConfigurationIsVisible = 0;
			defaultConfigurationName = Release;
		};
		7668C3F02702276100ACF60F /* Build configuration list for PBXNativeTarget "DemoSkeletonView" */ = {
			isa = XCConfigurationList;
			buildConfigurations = (
				7668C3F12702276100ACF60F /* Debug */,
				7668C3F22702276100ACF60F /* Release */,
			);
			defaultConfigurationIsVisible = 0;
			defaultConfigurationName = Release;
		};
/* End XCConfigurationList section */
	};
	rootObject = 7668C3D42702275E00ACF60F /* Project object */;
}
